
Microsoft Visual Studio Solution File, Format Version 12.00
# Visual Studio Version 16
Project("{2150E333-8FDC-42A3-9474-1A3956D46DE8}") = "Services", "Services", "{000DEDC8-69AC-4DE4-B7DD-0BA7C290DA31}"
EndProject
Project("{2150E333-8FDC-42A3-9474-1A3956D46DE8}") = "Catalog", "Catalog", "{3F94ADC4-EB07-4C98-A6E0-EE333A8D64C4}"
EndProject
Project("{FAE04EC0-301F-11D3-BF4B-00C04F79EFBC}") = "Catalog.API", "Services\Catalog\Catalog.API\Catalog.API.csproj", "{59FD3275-96E9-4BF5-A776-C75B865ED867}"
EndProject
Project("{2150E333-8FDC-42A3-9474-1A3956D46DE8}") = "Basket", "Basket", "{A620B459-BCA0-484F-B402-AEB7554E098D}"
EndProject
Project("{FAE04EC0-301F-11D3-BF4B-00C04F79EFBC}") = "Basket.API", "Services\Basket\Basket.API\Basket.API.csproj", "{EA85E069-F2FA-40CE-90D2-6A47CB01D84B}"
EndProject
Project("{2150E333-8FDC-42A3-9474-1A3956D46DE8}") = "Discount", "Discount", "{20D8A4FD-8694-4A8C-A613-8B245DEC7CB1}"
EndProject
Project("{FAE04EC0-301F-11D3-BF4B-00C04F79EFBC}") = "Discount.API", "Services\Discount\Discount.API\Discount.API.csproj", "{5065A3A3-25F4-4391-877E-1B09CD001454}"
EndProject
Project("{FAE04EC0-301F-11D3-BF4B-00C04F79EFBC}") = "Discount.GRPC", "Services\Discount\Discount.GRPC\Discount.GRPC.csproj", "{51892EF3-0156-444E-8B7C-302F7ED2E4BD}"
EndProject
Project("{2150E333-8FDC-42A3-9474-1A3956D46DE8}") = "Ordering", "Ordering", "{2778B37E-B9B7-4B21-8FFF-EBAAD79C201B}"
EndProject
Project("{FAE04EC0-301F-11D3-BF4B-00C04F79EFBC}") = "Ordering.API", "Services\Ordering\Ordering.API\Ordering.API.csproj", "{018D14BA-C556-46FC-9506-D26E3FA3B41C}"
EndProject
Project("{FAE04EC0-301F-11D3-BF4B-00C04F79EFBC}") = "Ordering.Domain", "Services\Ordering\Ordering.Domain\Ordering.Domain.csproj", "{CD042F25-9876-4E58-9832-406655E2B7C7}"
EndProject
Project("{FAE04EC0-301F-11D3-BF4B-00C04F79EFBC}") = "Ordering.Application", "Services\Ordering\Ordering.Application\Ordering.Application.csproj", "{C9783EA5-2BE2-4B93-8232-7732EB1FC7EF}"
EndProject
Project("{FAE04EC0-301F-11D3-BF4B-00C04F79EFBC}") = "Ordering.Infrastructure", "Services\Ordering\Ordering.Infrastructure\Ordering.Infrastructure.csproj", "{B8436B8B-537E-4E31-8EAD-1673140E764E}"
EndProject
Project("{2150E333-8FDC-42A3-9474-1A3956D46DE8}") = "BuildingBlocks", "BuildingBlocks", "{3F87CC3A-0E1A-4D83-80CF-FA8E6210C684}"
EndProject
Project("{FAE04EC0-301F-11D3-BF4B-00C04F79EFBC}") = "EventBus.Messages", "BuildingBlocks\EventBus.Messages\EventBus.Messages.csproj", "{1EF71E8E-2444-477D-B62B-9A0A17EFD250}"
EndProject
Project("{2150E333-8FDC-42A3-9474-1A3956D46DE8}") = "ApiGetways", "ApiGetways", "{AEFF9A74-672A-4ECC-BDD9-F62E496A6028}"
EndProject
Project("{FAE04EC0-301F-11D3-BF4B-00C04F79EFBC}") = "OcelotApiGw", "ApiGetways\OcelotApiGw\OcelotApiGw.csproj", "{4C0C33FD-FE5D-4EA7-9A25-7E6D79F3E24F}"
EndProject
Global
	GlobalSection(SolutionConfigurationPlatforms) = preSolution
		Debug|Any CPU = Debug|Any CPU
		Release|Any CPU = Release|Any CPU
	EndGlobalSection
	GlobalSection(NestedProjects) = preSolution
		{3F94ADC4-EB07-4C98-A6E0-EE333A8D64C4} = {000DEDC8-69AC-4DE4-B7DD-0BA7C290DA31}
		{59FD3275-96E9-4BF5-A776-C75B865ED867} = {3F94ADC4-EB07-4C98-A6E0-EE333A8D64C4}
		{A620B459-BCA0-484F-B402-AEB7554E098D} = {000DEDC8-69AC-4DE4-B7DD-0BA7C290DA31}
		{EA85E069-F2FA-40CE-90D2-6A47CB01D84B} = {A620B459-BCA0-484F-B402-AEB7554E098D}
		{20D8A4FD-8694-4A8C-A613-8B245DEC7CB1} = {000DEDC8-69AC-4DE4-B7DD-0BA7C290DA31}
		{5065A3A3-25F4-4391-877E-1B09CD001454} = {20D8A4FD-8694-4A8C-A613-8B245DEC7CB1}
		{51892EF3-0156-444E-8B7C-302F7ED2E4BD} = {20D8A4FD-8694-4A8C-A613-8B245DEC7CB1}
		{2778B37E-B9B7-4B21-8FFF-EBAAD79C201B} = {000DEDC8-69AC-4DE4-B7DD-0BA7C290DA31}
		{018D14BA-C556-46FC-9506-D26E3FA3B41C} = {2778B37E-B9B7-4B21-8FFF-EBAAD79C201B}
		{CD042F25-9876-4E58-9832-406655E2B7C7} = {2778B37E-B9B7-4B21-8FFF-EBAAD79C201B}
		{C9783EA5-2BE2-4B93-8232-7732EB1FC7EF} = {2778B37E-B9B7-4B21-8FFF-EBAAD79C201B}
		{B8436B8B-537E-4E31-8EAD-1673140E764E} = {2778B37E-B9B7-4B21-8FFF-EBAAD79C201B}
		{1EF71E8E-2444-477D-B62B-9A0A17EFD250} = {3F87CC3A-0E1A-4D83-80CF-FA8E6210C684}
		{4C0C33FD-FE5D-4EA7-9A25-7E6D79F3E24F} = {AEFF9A74-672A-4ECC-BDD9-F62E496A6028}
	EndGlobalSection
	GlobalSection(ProjectConfigurationPlatforms) = postSolution
		{59FD3275-96E9-4BF5-A776-C75B865ED867}.Debug|Any CPU.ActiveCfg = Debug|Any CPU
		{59FD3275-96E9-4BF5-A776-C75B865ED867}.Debug|Any CPU.Build.0 = Debug|Any CPU
		{59FD3275-96E9-4BF5-A776-C75B865ED867}.Release|Any CPU.ActiveCfg = Release|Any CPU
		{59FD3275-96E9-4BF5-A776-C75B865ED867}.Release|Any CPU.Build.0 = Release|Any CPU
		{EA85E069-F2FA-40CE-90D2-6A47CB01D84B}.Debug|Any CPU.ActiveCfg = Debug|Any CPU
		{EA85E069-F2FA-40CE-90D2-6A47CB01D84B}.Debug|Any CPU.Build.0 = Debug|Any CPU
		{EA85E069-F2FA-40CE-90D2-6A47CB01D84B}.Release|Any CPU.ActiveCfg = Release|Any CPU
		{EA85E069-F2FA-40CE-90D2-6A47CB01D84B}.Release|Any CPU.Build.0 = Release|Any CPU
		{5065A3A3-25F4-4391-877E-1B09CD001454}.Debug|Any CPU.ActiveCfg = Debug|Any CPU
		{5065A3A3-25F4-4391-877E-1B09CD001454}.Debug|Any CPU.Build.0 = Debug|Any CPU
		{5065A3A3-25F4-4391-877E-1B09CD001454}.Release|Any CPU.ActiveCfg = Release|Any CPU
		{5065A3A3-25F4-4391-877E-1B09CD001454}.Release|Any CPU.Build.0 = Release|Any CPU
		{51892EF3-0156-444E-8B7C-302F7ED2E4BD}.Debug|Any CPU.ActiveCfg = Debug|Any CPU
		{51892EF3-0156-444E-8B7C-302F7ED2E4BD}.Debug|Any CPU.Build.0 = Debug|Any CPU
		{51892EF3-0156-444E-8B7C-302F7ED2E4BD}.Release|Any CPU.ActiveCfg = Release|Any CPU
		{51892EF3-0156-444E-8B7C-302F7ED2E4BD}.Release|Any CPU.Build.0 = Release|Any CPU
		{018D14BA-C556-46FC-9506-D26E3FA3B41C}.Debug|Any CPU.ActiveCfg = Debug|Any CPU
		{018D14BA-C556-46FC-9506-D26E3FA3B41C}.Debug|Any CPU.Build.0 = Debug|Any CPU
		{018D14BA-C556-46FC-9506-D26E3FA3B41C}.Release|Any CPU.ActiveCfg = Release|Any CPU
		{018D14BA-C556-46FC-9506-D26E3FA3B41C}.Release|Any CPU.Build.0 = Release|Any CPU
		{CD042F25-9876-4E58-9832-406655E2B7C7}.Debug|Any CPU.ActiveCfg = Debug|Any CPU
		{CD042F25-9876-4E58-9832-406655E2B7C7}.Debug|Any CPU.Build.0 = Debug|Any CPU
		{CD042F25-9876-4E58-9832-406655E2B7C7}.Release|Any CPU.ActiveCfg = Release|Any CPU
		{CD042F25-9876-4E58-9832-406655E2B7C7}.Release|Any CPU.Build.0 = Release|Any CPU
		{C9783EA5-2BE2-4B93-8232-7732EB1FC7EF}.Debug|Any CPU.ActiveCfg = Debug|Any CPU
		{C9783EA5-2BE2-4B93-8232-7732EB1FC7EF}.Debug|Any CPU.Build.0 = Debug|Any CPU
		{C9783EA5-2BE2-4B93-8232-7732EB1FC7EF}.Release|Any CPU.ActiveCfg = Release|Any CPU
		{C9783EA5-2BE2-4B93-8232-7732EB1FC7EF}.Release|Any CPU.Build.0 = Release|Any CPU
		{B8436B8B-537E-4E31-8EAD-1673140E764E}.Debug|Any CPU.ActiveCfg = Debug|Any CPU
		{B8436B8B-537E-4E31-8EAD-1673140E764E}.Debug|Any CPU.Build.0 = Debug|Any CPU
		{B8436B8B-537E-4E31-8EAD-1673140E764E}.Release|Any CPU.ActiveCfg = Release|Any CPU
		{B8436B8B-537E-4E31-8EAD-1673140E764E}.Release|Any CPU.Build.0 = Release|Any CPU
		{1EF71E8E-2444-477D-B62B-9A0A17EFD250}.Debug|Any CPU.ActiveCfg = Debug|Any CPU
		{1EF71E8E-2444-477D-B62B-9A0A17EFD250}.Debug|Any CPU.Build.0 = Debug|Any CPU
		{1EF71E8E-2444-477D-B62B-9A0A17EFD250}.Release|Any CPU.ActiveCfg = Release|Any CPU
		{1EF71E8E-2444-477D-B62B-9A0A17EFD250}.Release|Any CPU.Build.0 = Release|Any CPU
		{4C0C33FD-FE5D-4EA7-9A25-7E6D79F3E24F}.Debug|Any CPU.ActiveCfg = Debug|Any CPU
		{4C0C33FD-FE5D-4EA7-9A25-7E6D79F3E24F}.Debug|Any CPU.Build.0 = Debug|Any CPU
		{4C0C33FD-FE5D-4EA7-9A25-7E6D79F3E24F}.Release|Any CPU.ActiveCfg = Release|Any CPU
		{4C0C33FD-FE5D-4EA7-9A25-7E6D79F3E24F}.Release|Any CPU.Build.0 = Release|Any CPU
	EndGlobalSection
EndGlobal
